
Microsoft Visual Studio Solution File, Format Version 12.00
# Visual Studio Version 17
VisualStudioVersion = 17.3.32929.385
MinimumVisualStudioVersion = 10.0.40219.1
Project("{FAE04EC0-301F-11D3-BF4B-00C04F79EFBC}") = "VuThanhDuong_DA", "VuThanhDuong_DA\VuThanhDuong_DA.csproj", "{110330A2-1882-4BD3-9E5E-BCDC4AC8D580}"
EndProject
Global
	GlobalSection(SolutionConfigurationPlatforms) = preSolution
		Debug|Any CPU = Debug|Any CPU
		Release|Any CPU = Release|Any CPU
	EndGlobalSection
	GlobalSection(ProjectConfigurationPlatforms) = postSolution
		{110330A2-1882-4BD3-9E5E-BCDC4AC8D580}.Debug|Any CPU.ActiveCfg = Debug|Any CPU
		{110330A2-1882-4BD3-9E5E-BCDC4AC8D580}.Debug|Any CPU.Build.0 = Debug|Any CPU
		{110330A2-1882-4BD3-9E5E-BCDC4AC8D580}.Release|Any CPU.ActiveCfg = Release|Any CPU
		{110330A2-1882-4BD3-9E5E-BCDC4AC8D580}.Release|Any CPU.Build.0 = Release|Any CPU
	EndGlobalSection
	GlobalSection(SolutionProperties) = preSolution
		HideSolutionNode = FALSE
	EndGlobalSection
	GlobalSection(ExtensibilityGlobals) = postSolution
		SolutionGuid = {83192388-B77B-4CEC-B004-D7356B4B0F17}
	EndGlobalSection
EndGlobal
